
Microsoft Visual Studio Solution File, Format Version 12.00
# Visual Studio Version 17
VisualStudioVersion = 17.6.33815.320
MinimumVisualStudioVersion = 10.0.40219.1
Project("{FAE04EC0-301F-11D3-BF4B-00C04F79EFBC}") = "GPMigratorApp", "GPMigratorApp\GPMigratorApp.csproj", "{46AE6E7C-C9E9-49CE-8E56-BBF7BF954692}"
EndProject
Global
	GlobalSection(SolutionConfigurationPlatforms) = preSolution
		Debug|Any CPU = Debug|Any CPU
		Release|Any CPU = Release|Any CPU
	EndGlobalSection
	GlobalSection(ProjectConfigurationPlatforms) = postSolution
		{46AE6E7C-C9E9-49CE-8E56-BBF7BF954692}.Debug|Any CPU.ActiveCfg = Debug|Any CPU
		{46AE6E7C-C9E9-49CE-8E56-BBF7BF954692}.Debug|Any CPU.Build.0 = Debug|Any CPU
		{46AE6E7C-C9E9-49CE-8E56-BBF7BF954692}.Release|Any CPU.ActiveCfg = Release|Any CPU
		{46AE6E7C-C9E9-49CE-8E56-BBF7BF954692}.Release|Any CPU.Build.0 = Release|Any CPU
	EndGlobalSection
	GlobalSection(SolutionProperties) = preSolution
		HideSolutionNode = FALSE
	EndGlobalSection
	GlobalSection(ExtensibilityGlobals) = postSolution
		SolutionGuid = {8BA49C29-3F7E-4D40-91A0-B33E7E011A01}
	EndGlobalSection
EndGlobal
